# This file is automatically @generated by Poetry 2.2.0 and should not be changed by hand.

[[package]]
name = "atomicwrites"
version = "1.4.1"
description = "Atomic file writes."
optional = false
python-versions = ">=2.7, !=3.0.*, !=3.1.*, !=3.2.*, !=3.3.*"
groups = ["dev"]
markers = "sys_platform == \"win32\""
files = [
    {file = "atomicwrites-1.4.1.tar.gz", hash = "sha256:81b2c9071a49367a7f770170e5eec8cb66567cfbbc8c73d20ce5ca4a8d71cf11"},
]

[[package]]
name = "attrs"
version = "23.1.0"
description = "Classes Without Boilerplate"
optional = false
python-versions = ">=3.7"
groups = ["dev"]
files = [
    {file = "attrs-23.1.0-py3-none-any.whl", hash = "sha256:1f28b4522cdc2fb4256ac1a020c78acf9cba2c6b461ccd2c126f3aa8e8335d04"},
    {file = "attrs-23.1.0.tar.gz", hash = "sha256:6279836d581513a26f1bf235f9acd333bc9115683f14f7e8fae46c98fc50e015"},
]

[package.extras]
cov = ["attrs[tests]", "coverage[toml] (>=5.3)"]
dev = ["attrs[docs,tests]", "pre-commit"]
docs = ["furo", "myst-parser", "sphinx", "sphinx-notfound-page", "sphinxcontrib-towncrier", "towncrier", "zope-interface"]
tests = ["attrs[tests-no-zope]", "zope-interface"]
tests-no-zope = ["cloudpickle ; platform_python_implementation == \"CPython\"", "hypothesis", "mypy (>=1.1.1) ; platform_python_implementation == \"CPython\"", "pympler", "pytest (>=4.3.0)", "pytest-mypy-plugins ; platform_python_implementation == \"CPython\" and python_version < \"3.11\"", "pytest-xdist[psutil]"]

[[package]]
name = "black"
version = "23.11.0"
description = "The uncompromising code formatter."
optional = false
python-versions = ">=3.8"
groups = ["dev"]
files = [
    {file = "black-23.11.0-cp310-cp310-macosx_10_9_x86_64.whl", hash = "sha256:dbea0bb8575c6b6303cc65017b46351dc5953eea5c0a59d7b7e3a2d2f433a911"},
    {file = "black-23.11.0-cp310-cp310-macosx_11_0_arm64.whl", hash = "sha256:412f56bab20ac85927f3a959230331de5614aecda1ede14b373083f62ec24e6f"},
    {file = "black-23.11.0-cp310-cp310-manylinux_2_17_x86_64.manylinux2014_x86_64.whl", hash = "sha256:d136ef5b418c81660ad847efe0e55c58c8208b77a57a28a503a5f345ccf01394"},
    {file = "black-23.11.0-cp310-cp310-win_amd64.whl", hash = "sha256:6c1cac07e64433f646a9a838cdc00c9768b3c362805afc3fce341af0e6a9ae9f"},
    {file = "black-23.11.0-cp311-cp311-macosx_10_9_x86_64.whl", hash = "sha256:cf57719e581cfd48c4efe28543fea3d139c6b6f1238b3f0102a9c73992cbb479"},
    {file = "black-23.11.0-cp311-cp311-macosx_11_0_arm64.whl", hash = "sha256:698c1e0d5c43354ec5d6f4d914d0d553a9ada56c85415700b81dc90125aac244"},
    {file = "black-23.11.0-cp311-cp311-manylinux_2_17_x86_64.manylinux2014_x86_64.whl", hash = "sha256:760415ccc20f9e8747084169110ef75d545f3b0932ee21368f63ac0fee86b221"},
    {file = "black-23.11.0-cp311-cp311-win_amd64.whl", hash = "sha256:58e5f4d08a205b11800332920e285bd25e1a75c54953e05502052738fe16b3b5"},
    {file = "black-23.11.0-cp38-cp38-macosx_10_9_x86_64.whl", hash = "sha256:45aa1d4675964946e53ab81aeec7a37613c1cb71647b5394779e6efb79d6d187"},
    {file = "black-23.11.0-cp38-cp38-macosx_11_0_arm64.whl", hash = "sha256:4c44b7211a3a0570cc097e81135faa5f261264f4dfaa22bd5ee2875a4e773bd6"},
    {file = "black-23.11.0-cp38-cp38-manylinux_2_17_x86_64.manylinux2014_x86_64.whl", hash = "sha256:2a9acad1451632021ee0d146c8765782a0c3846e0e0ea46659d7c4f89d9b212b"},
    {file = "black-23.11.0-cp38-cp38-win_amd64.whl", hash = "sha256:fc7f6a44d52747e65a02558e1d807c82df1d66ffa80a601862040a43ec2e3142"},
    {file = "black-23.11.0-cp39-cp39-macosx_10_9_x86_64.whl", hash = "sha256:7f622b6822f02bfaf2a5cd31fdb7cd86fcf33dab6ced5185c35f5db98260b055"},
    {file = "black-23.11.0-cp39-cp39-macosx_11_0_arm64.whl", hash = "sha256:250d7e60f323fcfc8ea6c800d5eba12f7967400eb6c2d21ae85ad31c204fb1f4"},
    {file = "black-23.11.0-cp39-cp39-manylinux_2_17_x86_64.manylinux2014_x86_64.whl", hash = "sha256:5133f5507007ba08d8b7b263c7aa0f931af5ba88a29beacc4b2dc23fcefe9c06"},
    {file = "black-23.11.0-cp39-cp39-win_amd64.whl", hash = "sha256:421f3e44aa67138ab1b9bfbc22ee3780b22fa5b291e4db8ab7eee95200726b07"},
    {file = "black-23.11.0-py3-none-any.whl", hash = "sha256:54caaa703227c6e0c87b76326d0862184729a69b73d3b7305b6288e1d830067e"},
    {file = "black-23.11.0.tar.gz", hash = "sha256:4c68855825ff432d197229846f971bc4d6666ce90492e5b02013bcaca4d9ab05"},
]

[package.dependencies]
click = ">=8.0.0"
mypy-extensions = ">=0.4.3"
packaging = ">=22.0"
pathspec = ">=0.9.0"
platformdirs = ">=2"

[package.extras]
colorama = ["colorama (>=0.4.3)"]
d = ["aiohttp (>=3.7.4)"]
jupyter = ["ipython (>=7.8.0)", "tokenize-rt (>=3.2.0)"]
uvloop = ["uvloop (>=0.15.2)"]

[[package]]
name = "click"
version = "8.1.7"
description = "Composable command line interface toolkit"
optional = false
python-versions = ">=3.7"
groups = ["main", "dev"]
files = [
    {file = "click-8.1.7-py3-none-any.whl", hash = "sha256:ae74fb96c20a0277a1d615f1e4d73c8414f5a98db8b799a7931d1582f3390c28"},
    {file = "click-8.1.7.tar.gz", hash = "sha256:ca9853ad459e787e2192211578cc907e7594e294c7ccc834310722b41b9ca6de"},
]

[package.dependencies]
colorama = {version = "*", markers = "platform_system == \"Windows\""}

[[package]]
name = "coincurve"
version = "21.0.0"
description = "Safest and fastest Python library for secp256k1 elliptic curve operations"
optional = false
python-versions = ">=3.9"
groups = ["main"]
files = [
    {file = "coincurve-21.0.0-cp310-cp310-macosx_10_9_x86_64.whl", hash = "sha256:986727bba6cf0c5670990358dc6af9a54f8d3e257979b992a9dbd50dd82fa0dc"},
    {file = "coincurve-21.0.0-cp310-cp310-macosx_11_0_arm64.whl", hash = "sha256:c1c584059de61ed16c658e7eae87ee488e81438897dae8fabeec55ef408af474"},
    {file = "coincurve-21.0.0-cp310-cp310-manylinux_2_12_i686.manylinux2010_i686.manylinux_2_17_i686.manylinux2014_i686.whl", hash = "sha256:d4210b35c922b2b36c987a48c0b110ab20e490a2d6a92464ca654cb09e739fcc"},
    {file = "coincurve-21.0.0-cp310-cp310-manylinux_2_17_aarch64.manylinux2014_aarch64.whl", hash = "sha256:cf67332cc647ef52ef371679c76000f096843ae266ae6df5e81906eb6463186b"},
    {file = "coincurve-21.0.0-cp310-cp310-manylinux_2_17_x86_64.manylinux2014_x86_64.whl", hash = "sha256:997607a952913c6a4bebe86815f458e77a42467b7a75353ccdc16c3336726880"},
    {file = "coincurve-21.0.0-cp310-cp310-musllinux_1_2_aarch64.whl", hash = "sha256:cfdd0938f284fb147aa1723a69f8794273ec673b10856b6e6f5f63fcc99d0c2e"},
    {file = "coincurve-21.0.0-cp310-cp310-musllinux_1_2_i686.whl", hash = "sha256:88c1e3f6df2f2fbe18152c789a18659ee0429dc604fc77530370c9442395f681"},
    {file = "coincurve-21.0.0-cp310-cp310-musllinux_1_2_x86_64.whl", hash = "sha256:530b58ed570895612ef510e28df5e8a33204b03baefb5c986e22811fa09622ef"},
    {file = "coincurve-21.0.0-cp310-cp310-win_amd64.whl", hash = "sha256:f920af756a98edd738c0cfa431e81e3109aeec6ffd6dffb5ed4f5b5a37aacba8"},
    {file = "coincurve-21.0.0-cp310-cp310-win_arm64.whl", hash = "sha256:070e060d0d57b496e68e48b39d5e3245681376d122827cb8e09f33669ff8cf1b"},
    {file = "coincurve-21.0.0-cp311-cp311-macosx_10_9_x86_64.whl", hash = "sha256:65ec42cab9c60d587fb6275c71f0ebc580625c377a894c4818fb2a2b583a184b"},
    {file = "coincurve-21.0.0-cp311-cp311-macosx_11_0_arm64.whl", hash = "sha256:5828cd08eab928db899238874d1aab12fa1236f30fe095a3b7e26a5fc81df0a3"},
    {file = "coincurve-21.0.0-cp311-cp311-manylinux_2_12_i686.manylinux2010_i686.manylinux_2_17_i686.manylinux2014_i686.whl", hash = "sha256:54de1cac75182de9f71ce41415faafcaf788303e21cbd0188064e268d61625e5"},
    {file = "coincurve-21.0.0-cp311-cp311-manylinux_2_17_aarch64.manylinux2014_aarch64.whl", hash = "sha256:07cda058d9394bea30d57a92fdc18ee3ca6b5bc8ef776a479a2ffec917105836"},
    {file = "coincurve-21.0.0-cp311-cp311-manylinux_2_17_x86_64.manylinux2014_x86_64.whl", hash = "sha256:9070804d7c71badfe4f0bf19b728cfe7c70c12e733938ead6b1db37920b745c0"},
    {file = "coincurve-21.0.0-cp311-cp311-musllinux_1_2_aarch64.whl", hash = "sha256:669ab5db393637824b226de058bb7ea0cb9a0236e1842d7b22f74d4a8a1f1ff1"},
    {file = "coincurve-21.0.0-cp311-cp311-musllinux_1_2_i686.whl", hash = "sha256:3bcd538af097b3914ec3cb654262e72e224f95f2e9c1eb7fbd75d843ae4e528e"},
    {file = "coincurve-21.0.0-cp311-cp311-musllinux_1_2_x86_64.whl", hash = "sha256:45b6a5e6b5536e1f46f729829d99ce1f8f847308d339e8880fe7fa1646935c10"},
    {file = "coincurve-21.0.0-cp311-cp311-win_amd64.whl", hash = "sha256:87597cf30dfc05fa74218810776efacf8816813ab9fa6ea1490f94e9f8b15e77"},
    {file = "coincurve-21.0.0-cp311-cp311-win_arm64.whl", hash = "sha256:b992d1b1dac85d7f542d9acbcf245667438839484d7f2b032fd032256bcd778e"},
    {file = "coincurve-21.0.0-cp312-cp312-macosx_10_13_x86_64.whl", hash = "sha256:f60ad56113f08e8c540bb89f4f35f44d434311433195ffff22893ccfa335070c"},
    {file = "coincurve-21.0.0-cp312-cp312-macosx_11_0_arm64.whl", hash = "sha256:1cb1cd19fb0be22e68ecb60ad950b41f18b9b02eebeffaac9391dc31f74f08f2"},
    {file = "coincurve-21.0.0-cp312-cp312-manylinux_2_12_i686.manylinux2010_i686.manylinux_2_17_i686.manylinux2014_i686.whl", hash = "sha256:05d7e255a697b3475d7ae7640d3bdef3d5bc98ce9ce08dd387f780696606c33b"},
    {file = "coincurve-21.0.0-cp312-cp312-manylinux_2_17_aarch64.manylinux2014_aarch64.whl", hash = "sha256:5a366c314df7217e3357bb8c7d2cda540b0bce180705f7a0ce2d1d9e28f62ad4"},
    {file = "coincurve-21.0.0-cp312-cp312-manylinux_2_17_x86_64.manylinux2014_x86_64.whl", hash = "sha256:1b04778b75339c6e46deb9ae3bcfc2250fbe48d1324153e4310fc4996e135715"},
    {file = "coincurve-21.0.0-cp312-cp312-musllinux_1_2_aarch64.whl", hash = "sha256:8efcbdcd50cc219989a2662e6c6552f455efc000a15dd6ab3ebf4f9b187f41a3"},
    {file = "coincurve-21.0.0-cp312-cp312-musllinux_1_2_i686.whl", hash = "sha256:6df44b4e3b7acdc1453ade52a52e3f8a5b53ecdd5a06bd200f1ec4b4e250f7d9"},
    {file = "coincurve-21.0.0-cp312-cp312-musllinux_1_2_x86_64.whl", hash = "sha256:bcc0831f07cb75b91c35c13b1362e7b9dc76c376b27d01ff577bec52005e22a8"},
    {file = "coincurve-21.0.0-cp312-cp312-win_amd64.whl", hash = "sha256:5dd7b66b83b143f3ad3861a68fc0279167a0bae44fe3931547400b7a200e90b1"},
    {file = "coincurve-21.0.0-cp312-cp312-win_arm64.whl", hash = "sha256:78dbe439e8cb22389956a4f2f2312813b4bd0531a0b691d4f8e868c7b366555d"},
    {file = "coincurve-21.0.0-cp313-cp313-macosx_10_13_x86_64.whl", hash = "sha256:9df5ceb5de603b9caf270629996710cf5ed1d43346887bc3895a11258644b65b"},
    {file = "coincurve-21.0.0-cp313-cp313-macosx_11_0_arm64.whl", hash = "sha256:154467858d23c48f9e5ab380433bc2625027b50617400e2984cc16f5799ab601"},
    {file = "coincurve-21.0.0-cp313-cp313-manylinux_2_12_i686.manylinux2010_i686.manylinux_2_17_i686.manylinux2014_i686.whl", hash = "sha256:f57f07c44d14d939bed289cdeaba4acb986bba9f729a796b6a341eab1661eedc"},
    {file = "coincurve-21.0.0-cp313-cp313-manylinux_2_17_aarch64.manylinux2014_aarch64.whl", hash = "sha256:3fb03e3a388a93d31ed56a442bdec7983ea404490e21e12af76fb1dbf097082a"},
    {file = "coincurve-21.0.0-cp313-cp313-manylinux_2_17_x86_64.manylinux2014_x86_64.whl", hash = "sha256:d09ba4fd9d26b00b06645fcd768c5ad44832a1fa847ebe8fb44970d3204c3cb7"},
    {file = "coincurve-21.0.0-cp313-cp313-musllinux_1_2_aarch64.whl", hash = "sha256:1a1e7ee73bc1b3bcf14c7b0d1f44e6485785d3b53ef7b16173c36d3cefa57f93"},
    {file = "coincurve-21.0.0-cp313-cp313-musllinux_1_2_i686.whl", hash = "sha256:ad05952b6edc593a874df61f1bc79db99d716ec48ba4302d699e14a419fe6f51"},
    {file = "coincurve-21.0.0-cp313-cp313-musllinux_1_2_x86_64.whl", hash = "sha256:4d2bf350ced38b73db9efa1ff8fd16a67a1cb35abb2dda50d89661b531f03fd3"},
    {file = "coincurve-21.0.0-cp313-cp313-win_amd64.whl", hash = "sha256:54d9500c56d5499375e579c3917472ffcf804c3584dd79052a79974280985c74"},
    {file = "coincurve-21.0.0-cp313-cp313-win_arm64.whl", hash = "sha256:773917f075ec4b94a7a742637d303a3a082616a115c36568eb6c873a8d950d18"},
    {file = "coincurve-21.0.0-cp39-cp39-macosx_10_9_x86_64.whl", hash = "sha256:bb82ba677fc7600a3bf200edc98f4f9604c317b18c7b3f0a10784b42686e3a53"},
    {file = "coincurve-21.0.0-cp39-cp39-macosx_11_0_arm64.whl", hash = "sha256:5001de8324c35eee95f34e011a5c3b4e7d9ae9ca4a862a93b2c89b3f467f511b"},
    {file = "coincurve-21.0.0-cp39-cp39-manylinux_2_12_i686.manylinux2010_i686.manylinux_2_17_i686.manylinux2014_i686.whl", hash = "sha256:b4d0bb5340bcac695731bef51c3e0126f252453e2d1ae7fa1486d90eff978bf6"},
    {file = "coincurve-21.0.0-cp39-cp39-manylinux_2_17_aarch64.manylinux2014_aarch64.whl", hash = "sha256:5a9b49789ff86f3cf86cfc8ff8c6c43bac2607720ec638e8ba471fa7e8765bd2"},
    {file = "coincurve-21.0.0-cp39-cp39-manylinux_2_17_x86_64.manylinux2014_x86_64.whl", hash = "sha256:b85b49e192d2ca1a906a7b978bacb55d4dcb297cc2900fbbd9b9180d50878779"},
    {file = "coincurve-21.0.0-cp39-cp39-musllinux_1_2_aarch64.whl", hash = "sha256:ad6445f0bb61b3a4404d87a857ddb2a74a642cd4d00810237641aab4d6b1a42f"},
    {file = "coincurve-21.0.0-cp39-cp39-musllinux_1_2_i686.whl", hash = "sha256:d3f017f1491491f3f2c49e5d2d3a471a872d75117bfcb804d1167061c94bd347"},
    {file = "coincurve-21.0.0-cp39-cp39-musllinux_1_2_x86_64.whl", hash = "sha256:500e5e38cd4cbc4ea8a5c631ce843b1d52ef19ac41128568214d150f75f1f387"},
    {file = "coincurve-21.0.0-cp39-cp39-win_amd64.whl", hash = "sha256:ef81ca24511a808ad0ebdb8fdaf9c5c87f12f935b3d117acccc6520ad671bcce"},
    {file = "coincurve-21.0.0-cp39-cp39-win_arm64.whl", hash = "sha256:6ec8e859464116a3c90168cd2bd7439527d4b4b5e328b42e3c8e0475f9b0bf71"},
    {file = "coincurve-21.0.0.tar.gz", hash = "sha256:8b37ce4265a82bebf0e796e21a769e56fdbf8420411ccbe3fafee4ed75b6a6e5"},
]

[[package]]
name = "colorama"
version = "0.4.6"
description = "Cross-platform colored terminal text."
optional = false
python-versions = "!=3.0.*,!=3.1.*,!=3.2.*,!=3.3.*,!=3.4.*,!=3.5.*,!=3.6.*,>=2.7"
groups = ["main", "dev"]
files = [
    {file = "colorama-0.4.6-py2.py3-none-any.whl", hash = "sha256:4f1d9991f5acc0ca119f9d443620b77f9d6b33703e51011c16baf57afb285fc6"},
    {file = "colorama-0.4.6.tar.gz", hash = "sha256:08695f5cb7ed6e0531a20572697297273c47b8cae5a63ffc6d6ed5c201be6e44"},
]
markers = {main = "platform_system == \"Windows\"", dev = "platform_system == \"Windows\" or sys_platform == \"win32\""}

[[package]]
name = "iniconfig"
version = "2.0.0"
description = "brain-dead simple config-ini parsing"
optional = false
python-versions = ">=3.7"
groups = ["dev"]
files = [
    {file = "iniconfig-2.0.0-py3-none-any.whl", hash = "sha256:b6a85871a79d2e3b22d2d1b94ac2824226a63c6b741c88f7ae975f18b6778374"},
    {file = "iniconfig-2.0.0.tar.gz", hash = "sha256:2d91e135bf72d31a410b17c16da610a82cb55f6b0477d1a902134b24a455b8b3"},
]

[[package]]
name = "isort"
version = "5.12.0"
description = "A Python utility / library to sort Python imports."
optional = false
python-versions = ">=3.8.0"
groups = ["dev"]
files = [
    {file = "isort-5.12.0-py3-none-any.whl", hash = "sha256:f84c2818376e66cf843d497486ea8fed8700b340f308f076c6fb1229dff318b6"},
    {file = "isort-5.12.0.tar.gz", hash = "sha256:8bef7dde241278824a6d83f44a544709b065191b95b6e50894bdc722fcba0504"},
]

[package.extras]
colors = ["colorama (>=0.4.3)"]
pipfile-deprecated-finder = ["pip-shims (>=0.5.2)", "pipreqs", "requirementslib"]
plugins = ["setuptools"]
requirements-deprecated-finder = ["pip-api", "pipreqs"]

[[package]]
name = "mypy-extensions"
version = "1.0.0"
description = "Type system extensions for programs checked with the mypy type checker."
optional = false
python-versions = ">=3.5"
groups = ["dev"]
files = [
    {file = "mypy_extensions-1.0.0-py3-none-any.whl", hash = "sha256:4392f6c0eb8a5668a69e23d168ffa70f0be9ccfd32b5cc2d26a34ae5b844552d"},
    {file = "mypy_extensions-1.0.0.tar.gz", hash = "sha256:75dbf8955dc00442a438fc4d0666508a9a97b6bd41aa2f0ffe9d2f2725af0782"},
]

[[package]]
name = "nodeenv"
version = "1.8.0"
description = "Node.js virtual environment builder"
optional = false
python-versions = ">=2.7,!=3.0.*,!=3.1.*,!=3.2.*,!=3.3.*,!=3.4.*,!=3.5.*,!=3.6.*"
groups = ["dev"]
files = [
    {file = "nodeenv-1.8.0-py2.py3-none-any.whl", hash = "sha256:df865724bb3c3adc86b3876fa209771517b0cfe596beff01a92700e0e8be4cec"},
    {file = "nodeenv-1.8.0.tar.gz", hash = "sha256:d51e0c37e64fbf47d017feac3145cdbb58836d7eee8c6f6d3b6880c5456227d2"},
]

[package.dependencies]
setuptools = "*"

[[package]]
name = "packaging"
version = "23.2"
description = "Core utilities for Python packages"
optional = false
python-versions = ">=3.7"
groups = ["dev"]
files = [
    {file = "packaging-23.2-py3-none-any.whl", hash = "sha256:8c491190033a9af7e1d931d0b5dacc2ef47509b34dd0de67ed209b5203fc88c7"},
    {file = "packaging-23.2.tar.gz", hash = "sha256:048fb0e9405036518eaaf48a55953c750c11e1a1b68e0dd1a9d62ed0c092cfc5"},
]

[[package]]
name = "pathspec"
version = "0.11.2"
description = "Utility library for gitignore style pattern matching of file paths."
optional = false
python-versions = ">=3.7"
groups = ["dev"]
files = [
    {file = "pathspec-0.11.2-py3-none-any.whl", hash = "sha256:1d6ed233af05e679efb96b1851550ea95bbb64b7c490b0f5aa52996c11e92a20"},
    {file = "pathspec-0.11.2.tar.gz", hash = "sha256:e0d8d0ac2f12da61956eb2306b69f9469b42f4deb0f3cb6ed47b9cce9996ced3"},
]

[[package]]
name = "platformdirs"
version = "4.1.0"
description = "A small Python package for determining appropriate platform-specific dirs, e.g. a \"user data dir\"."
optional = false
python-versions = ">=3.8"
groups = ["dev"]
files = [
    {file = "platformdirs-4.1.0-py3-none-any.whl", hash = "sha256:11c8f37bcca40db96d8144522d925583bdb7a31f7b0e37e3ed4318400a8e2380"},
    {file = "platformdirs-4.1.0.tar.gz", hash = "sha256:906d548203468492d432bcb294d4bc2fff751bf84971fbb2c10918cc206ee420"},
]

[package.extras]
docs = ["furo (>=2023.7.26)", "proselint (>=0.13)", "sphinx (>=7.1.1)", "sphinx-autodoc-typehints (>=1.24)"]
test = ["appdirs (==1.4.4)", "covdefaults (>=2.3)", "pytest (>=7.4)", "pytest-cov (>=4.1)", "pytest-mock (>=3.11.1)"]

[[package]]
name = "pluggy"
version = "1.3.0"
description = "plugin and hook calling mechanisms for python"
optional = false
python-versions = ">=3.8"
groups = ["dev"]
files = [
    {file = "pluggy-1.3.0-py3-none-any.whl", hash = "sha256:d89c696a773f8bd377d18e5ecda92b7a3793cbe66c87060a6fb58c7b6e1061f7"},
    {file = "pluggy-1.3.0.tar.gz", hash = "sha256:cf61ae8f126ac6f7c451172cf30e3e43d3ca77615509771b3a984a0730651e12"},
]

[package.extras]
dev = ["pre-commit", "tox"]
testing = ["pytest", "pytest-benchmark"]

[[package]]
name = "py"
version = "1.11.0"
description = "library with cross-python path, ini-parsing, io, code, log facilities"
optional = false
python-versions = ">=2.7, !=3.0.*, !=3.1.*, !=3.2.*, !=3.3.*, !=3.4.*"
groups = ["dev"]
files = [
    {file = "py-1.11.0-py2.py3-none-any.whl", hash = "sha256:607c53218732647dff4acdfcd50cb62615cedf612e72d1724fb1a0cc6405b378"},
    {file = "py-1.11.0.tar.gz", hash = "sha256:51c75c4126074b472f746a24399ad32f6053d1b34b68d2fa41e558e6f4a98719"},
]

[[package]]
name = "pyright"
version = "1.1.339"
description = "Command line wrapper for pyright"
optional = false
python-versions = ">=3.7"
groups = ["dev"]
files = [
    {file = "pyright-1.1.339-py3-none-any.whl", hash = "sha256:662f3df170fdeda76fd21b158ab20c518dad99c2f14b0a7f84c2bfd60d5a8d2a"},
    {file = "pyright-1.1.339.tar.gz", hash = "sha256:581ce4e281575814380dd67a331e75c0ccdca31eb848005ee1ae46e7bfa8b4f9"},
]

[package.dependencies]
nodeenv = ">=1.6.0"

[package.extras]
all = ["twine (>=3.4.1)"]
dev = ["twine (>=3.4.1)"]

[[package]]
name = "pytest"
version = "6.2.5"
description = "pytest: simple powerful testing with Python"
optional = false
python-versions = ">=3.6"
groups = ["dev"]
files = [
    {file = "pytest-6.2.5-py3-none-any.whl", hash = "sha256:7310f8d27bc79ced999e760ca304d69f6ba6c6649c0b60fb0e04a4a77cacc134"},
    {file = "pytest-6.2.5.tar.gz", hash = "sha256:131b36680866a76e6781d13f101efb86cf674ebb9762eb70d3082b6f29889e89"},
]

[package.dependencies]
atomicwrites = {version = ">=1.0", markers = "sys_platform == \"win32\""}
attrs = ">=19.2.0"
colorama = {version = "*", markers = "sys_platform == \"win32\""}
iniconfig = "*"
packaging = "*"
pluggy = ">=0.12,<2.0"
py = ">=1.8.2"
toml = "*"

[package.extras]
testing = ["argcomplete", "hypothesis (>=3.56)", "mock", "nose", "requests", "xmlschema"]

[[package]]
name = "setuptools"
version = "69.0.2"
description = "Easily download, build, install, upgrade, and uninstall Python packages"
optional = false
python-versions = ">=3.8"
groups = ["dev"]
files = [
    {file = "setuptools-69.0.2-py3-none-any.whl", hash = "sha256:1e8fdff6797d3865f37397be788a4e3cba233608e9b509382a2777d25ebde7f2"},
    {file = "setuptools-69.0.2.tar.gz", hash = "sha256:735896e78a4742605974de002ac60562d286fa8051a7e2299445e8e8fbb01aa6"},
]

[package.extras]
docs = ["furo", "jaraco.packaging (>=9.3)", "jaraco.tidelift (>=1.4)", "pygments-github-lexers (==0.0.5)", "rst.linker (>=1.9)", "sphinx (<7.2.5)", "sphinx (>=3.5)", "sphinx-favicon", "sphinx-inline-tabs", "sphinx-lint", "sphinx-notfound-page (>=1,<2)", "sphinx-reredirects", "sphinxcontrib-towncrier"]
testing = ["build[virtualenv]", "filelock (>=3.4.0)", "flake8-2020", "ini2toml[lite] (>=0.9)", "jaraco.develop (>=7.21) ; python_version >= \"3.9\" and sys_platform != \"cygwin\"", "jaraco.envs (>=2.2)", "jaraco.path (>=3.2.0)", "pip (>=19.1)", "pytest (>=6)", "pytest-black (>=0.3.7) ; platform_python_implementation != \"PyPy\"", "pytest-checkdocs (>=2.4)", "pytest-cov ; platform_python_implementation != \"PyPy\"", "pytest-enabler (>=2.2)", "pytest-mypy (>=0.9.1) ; platform_python_implementation != \"PyPy\"", "pytest-perf ; sys_platform != \"cygwin\"", "pytest-ruff ; sys_platform != \"cygwin\"", "pytest-timeout", "pytest-xdist", "tomli-w (>=1.0.0)", "virtualenv (>=13.0.0)", "wheel"]
testing-integration = ["build[virtualenv] (>=1.0.3)", "filelock (>=3.4.0)", "jaraco.envs (>=2.2)", "jaraco.path (>=3.2.0)", "packaging (>=23.1)", "pytest", "pytest-enabler", "pytest-xdist", "tomli", "virtualenv (>=13.0.0)", "wheel"]

[[package]]
name = "toml"
version = "0.10.2"
description = "Python Library for Tom's Obvious, Minimal Language"
optional = false
python-versions = ">=2.6, !=3.0.*, !=3.1.*, !=3.2.*"
groups = ["dev"]
files = [
    {file = "toml-0.10.2-py2.py3-none-any.whl", hash = "sha256:806143ae5bfb6a3c6e736a764057db0e6a0e05e338b5630894a5f779cabb4f9b"},
    {file = "toml-0.10.2.tar.gz", hash = "sha256:b3bda1d108d5dd99f4a20d24d9c348e91c4db7ab1b749200bded2f839ccbe68f"},
]

[metadata]
lock-version = "2.1"
python-versions = "^3.12"
content-hash = "0ffa62812b5c97005e7efba0031ab4482bafa03b04e9b38b352bffcf5462edc3"
